
Microsoft Visual Studio Solution File, Format Version 12.00
# Visual Studio Version 16
VisualStudioVersion = 16.0.33801.447
MinimumVisualStudioVersion = 10.0.40219.1
Project("{FAE04EC0-301F-11D3-BF4B-00C04F79EFBC}") = "BankAccountv3", "BankAccountv3\BankAccountv3.csproj", "{AEEE27E4-FF7C-4ED4-8E86-3ABD5D91A875}"
EndProject
Global
	GlobalSection(SolutionConfigurationPlatforms) = preSolution
		Debug|Any CPU = Debug|Any CPU
		Release|Any CPU = Release|Any CPU
	EndGlobalSection
	GlobalSection(ProjectConfigurationPlatforms) = postSolution
		{AEEE27E4-FF7C-4ED4-8E86-3ABD5D91A875}.Debug|Any CPU.ActiveCfg = Debug|Any CPU
		{AEEE27E4-FF7C-4ED4-8E86-3ABD5D91A875}.Debug|Any CPU.Build.0 = Debug|Any CPU
		{AEEE27E4-FF7C-4ED4-8E86-3ABD5D91A875}.Release|Any CPU.ActiveCfg = Release|Any CPU
		{AEEE27E4-FF7C-4ED4-8E86-3ABD5D91A875}.Release|Any CPU.Build.0 = Release|Any CPU
	EndGlobalSection
	GlobalSection(SolutionProperties) = preSolution
		HideSolutionNode = FALSE
	EndGlobalSection
	GlobalSection(ExtensibilityGlobals) = postSolution
		SolutionGuid = {1014DD2C-8AAC-461F-933B-C84FBB3633DB}
	EndGlobalSection
EndGlobal
